
Microsoft Visual Studio Solution File, Format Version 12.00
# Visual Studio Version 17
VisualStudioVersion = 17.9.34701.34
MinimumVisualStudioVersion = 10.0.40219.1
Project("{FAE04EC0-301F-11D3-BF4B-00C04F79EFBC}") = "AdventureWorksBlazorAuto", "AdventureWorksBlazorAuto\AdventureWorksBlazorAuto.csproj", "{BC7D3F84-EABF-4141-BC55-8D921BCEF080}"
EndProject
Project("{FAE04EC0-301F-11D3-BF4B-00C04F79EFBC}") = "AdventureWorksBlazorAuto.Client", "AdventureWorksBlazorAuto.Client\AdventureWorksBlazorAuto.Client.csproj", "{52A678BA-BB64-4575-BADD-5C7BECA8ED86}"
EndProject
Project("{FAE04EC0-301F-11D3-BF4B-00C04F79EFBC}") = "Shared", "Shared\Shared.csproj", "{89E31AD8-EF80-40F6-A518-2CBEFAB7FE3B}"
EndProject
Project("{FAE04EC0-301F-11D3-BF4B-00C04F79EFBC}") = "ServicesTestProject", "..\ServicesTestProject\ServicesTestProject.csproj", "{8EEFE354-77F6-424B-9EF1-D10C5AE280E3}"
EndProject
Global
	GlobalSection(SolutionConfigurationPlatforms) = preSolution
		Debug|Any CPU = Debug|Any CPU
		Release|Any CPU = Release|Any CPU
	EndGlobalSection
	GlobalSection(ProjectConfigurationPlatforms) = postSolution
		{BC7D3F84-EABF-4141-BC55-8D921BCEF080}.Debug|Any CPU.ActiveCfg = Debug|Any CPU
		{BC7D3F84-EABF-4141-BC55-8D921BCEF080}.Debug|Any CPU.Build.0 = Debug|Any CPU
		{BC7D3F84-EABF-4141-BC55-8D921BCEF080}.Release|Any CPU.ActiveCfg = Release|Any CPU
		{BC7D3F84-EABF-4141-BC55-8D921BCEF080}.Release|Any CPU.Build.0 = Release|Any CPU
		{52A678BA-BB64-4575-BADD-5C7BECA8ED86}.Debug|Any CPU.ActiveCfg = Debug|Any CPU
		{52A678BA-BB64-4575-BADD-5C7BECA8ED86}.Debug|Any CPU.Build.0 = Debug|Any CPU
		{52A678BA-BB64-4575-BADD-5C7BECA8ED86}.Release|Any CPU.ActiveCfg = Release|Any CPU
		{52A678BA-BB64-4575-BADD-5C7BECA8ED86}.Release|Any CPU.Build.0 = Release|Any CPU
		{89E31AD8-EF80-40F6-A518-2CBEFAB7FE3B}.Debug|Any CPU.ActiveCfg = Debug|Any CPU
		{89E31AD8-EF80-40F6-A518-2CBEFAB7FE3B}.Debug|Any CPU.Build.0 = Debug|Any CPU
		{89E31AD8-EF80-40F6-A518-2CBEFAB7FE3B}.Release|Any CPU.ActiveCfg = Release|Any CPU
		{89E31AD8-EF80-40F6-A518-2CBEFAB7FE3B}.Release|Any CPU.Build.0 = Release|Any CPU
		{8EEFE354-77F6-424B-9EF1-D10C5AE280E3}.Debug|Any CPU.ActiveCfg = Debug|Any CPU
		{8EEFE354-77F6-424B-9EF1-D10C5AE280E3}.Debug|Any CPU.Build.0 = Debug|Any CPU
		{8EEFE354-77F6-424B-9EF1-D10C5AE280E3}.Release|Any CPU.ActiveCfg = Release|Any CPU
		{8EEFE354-77F6-424B-9EF1-D10C5AE280E3}.Release|Any CPU.Build.0 = Release|Any CPU
	EndGlobalSection
	GlobalSection(SolutionProperties) = preSolution
		HideSolutionNode = FALSE
	EndGlobalSection
	GlobalSection(ExtensibilityGlobals) = postSolution
		SolutionGuid = {96EA7EA5-D208-4DED-B47F-CFC8403646A7}
	EndGlobalSection
EndGlobal
